{
  "name": "contract-p2p",
  "version": "0.1.0",
  "lockfileVersion": 1,
  "requires": true,
  "dependencies": {
    "ethereum-protocol": {
      "version": "1.0.1",
      "resolved": "https://registry.npmjs.org/ethereum-protocol/-/ethereum-protocol-1.0.1.tgz",
      "integrity": "sha512-3KLX1mHuEsBW0dKG+c6EOJS1NBNqdCICvZW9sInmZTt5aY0oxmHVggYRE0lJu1tcnMD1K+AKHdLi6U43Awm1Vg=="
    }
  }
}
